
Microsoft Visual Studio Solution File, Format Version 12.00
# Visual Studio Version 17
VisualStudioVersion = 17.2.32516.85
MinimumVisualStudioVersion = 10.0.40219.1
Project("{FAE04EC0-301F-11D3-BF4B-00C04F79EFBC}") = "AspNet.Capitulo02.Razor.Net", "AspNet.Capitulo02.Razor.Net\AspNet.Capitulo02.Razor.Net.csproj", "{9DD49507-A875-4BEB-89F5-179BFF3475B7}"
EndProject
Project("{FAE04EC0-301F-11D3-BF4B-00C04F79EFBC}") = "Marketplace.Repositorios.SqlServer.DbFirst", "Marketplace.Repositorios.SqlServer.DbFirst\Marketplace.Repositorios.SqlServer.DbFirst.csproj", "{BDB4ECC1-3FC4-46C5-A0E8-1315156C278E}"
EndProject
Project("{2150E333-8FDC-42A3-9474-1A3956D46DE8}") = "Marketplace", "Marketplace", "{2B6B305E-E21C-4F17-ABB5-379CD35B9A1E}"
EndProject
Project("{FAE04EC0-301F-11D3-BF4B-00C04F79EFBC}") = "Marketplace.Mvc", "Marketplace.Mvc\Marketplace.Mvc.csproj", "{11484C33-C924-414E-A3BE-54987FC8715C}"
EndProject
Project("{2150E333-8FDC-42A3-9474-1A3956D46DE8}") = "GetawayPagamento", "GetawayPagamento", "{C6C58024-C430-49DF-B504-93C2FEF32231}"
EndProject
Project("{FAE04EC0-301F-11D3-BF4B-00C04F79EFBC}") = "GetawayPagamento.Dominio", "GetawayPagamento.Dominio\GetawayPagamento.Dominio.csproj", "{EF573FCF-68EE-4B39-9428-C4BF5C4F93B8}"
EndProject
Project("{FAE04EC0-301F-11D3-BF4B-00C04F79EFBC}") = "GatewayPagamento.Repositorios.SqlServer.CodeFirst", "GatewayPagamento.Repositorios.SqlServer.CodeFirst\GatewayPagamento.Repositorios.SqlServer.CodeFirst.csproj", "{13DDDDF6-E054-4CB3-B8DB-B9DD87BFB6E8}"
EndProject
Project("{FAE04EC0-301F-11D3-BF4B-00C04F79EFBC}") = "GatewayPagamento.Repositorios.SqlServer.CodeFirstTests", "GatewayPagamento.Repositorios.SqlServer.CodeFirstTests\GatewayPagamento.Repositorios.SqlServer.CodeFirstTests.csproj", "{21128C0F-A49E-4C29-9E90-C87365C07233}"
EndProject
Project("{FAE04EC0-301F-11D3-BF4B-00C04F79EFBC}") = "GatewayPagamento.WebApi", "GatewayPagamento.WebApi\GatewayPagamento.WebApi.csproj", "{9966F10E-7514-4139-BA56-8DAAEDF074A2}"
EndProject
Project("{FAE04EC0-301F-11D3-BF4B-00C04F79EFBC}") = "MarketplaceRepositorios.Http", "MarketplaceRepositorios.Http\MarketplaceRepositorios.Http.csproj", "{56224C0A-BDFF-4B62-B4D8-CB0C1A24C400}"
EndProject
Project("{2150E333-8FDC-42A3-9474-1A3956D46DE8}") = "ExpoCenter", "ExpoCenter", "{D217C8CD-D41E-4C6F-AE8D-07DAB8DF1F8B}"
EndProject
Project("{9A19103F-16F7-4668-BE54-9A1E7A4F7556}") = "ExpoCenterDominio", "ExpoCenterDominio\ExpoCenterDominio.csproj", "{C391626D-0297-4343-9384-31D5C04DA115}"
EndProject
Project("{9A19103F-16F7-4668-BE54-9A1E7A4F7556}") = "ExpoCenter.Repositorios.SqlServer", "ExpoCenter.Repositorios.SqlServer\ExpoCenter.Repositorios.SqlServer.csproj", "{FC596C9C-4A59-47D5-B48D-69488164B5AE}"
EndProject
Project("{9A19103F-16F7-4668-BE54-9A1E7A4F7556}") = "ExpoCenter.Repositorios.SqlServerTests", "ExpoCenter.Repositorios.SqlServerTests\ExpoCenter.Repositorios.SqlServerTests.csproj", "{62624920-D139-41C6-95BD-05804E9C0BDB}"
EndProject
Project("{FAE04EC0-301F-11D3-BF4B-00C04F79EFBC}") = "ExpoCenter.Mvc", "ExpoCenter.Mvc\ExpoCenter.Mvc.csproj", "{FD09A630-A40F-47E2-AC8A-F3FD39DC6A18}"
EndProject
Global
	GlobalSection(SolutionConfigurationPlatforms) = preSolution
		Debug|Any CPU = Debug|Any CPU
		Release|Any CPU = Release|Any CPU
	EndGlobalSection
	GlobalSection(ProjectConfigurationPlatforms) = postSolution
		{9DD49507-A875-4BEB-89F5-179BFF3475B7}.Debug|Any CPU.ActiveCfg = Debug|Any CPU
		{9DD49507-A875-4BEB-89F5-179BFF3475B7}.Debug|Any CPU.Build.0 = Debug|Any CPU
		{9DD49507-A875-4BEB-89F5-179BFF3475B7}.Release|Any CPU.ActiveCfg = Release|Any CPU
		{9DD49507-A875-4BEB-89F5-179BFF3475B7}.Release|Any CPU.Build.0 = Release|Any CPU
		{BDB4ECC1-3FC4-46C5-A0E8-1315156C278E}.Debug|Any CPU.ActiveCfg = Debug|Any CPU
		{BDB4ECC1-3FC4-46C5-A0E8-1315156C278E}.Debug|Any CPU.Build.0 = Debug|Any CPU
		{BDB4ECC1-3FC4-46C5-A0E8-1315156C278E}.Release|Any CPU.ActiveCfg = Release|Any CPU
		{BDB4ECC1-3FC4-46C5-A0E8-1315156C278E}.Release|Any CPU.Build.0 = Release|Any CPU
		{11484C33-C924-414E-A3BE-54987FC8715C}.Debug|Any CPU.ActiveCfg = Debug|Any CPU
		{11484C33-C924-414E-A3BE-54987FC8715C}.Debug|Any CPU.Build.0 = Debug|Any CPU
		{11484C33-C924-414E-A3BE-54987FC8715C}.Release|Any CPU.ActiveCfg = Release|Any CPU
		{11484C33-C924-414E-A3BE-54987FC8715C}.Release|Any CPU.Build.0 = Release|Any CPU
		{EF573FCF-68EE-4B39-9428-C4BF5C4F93B8}.Debug|Any CPU.ActiveCfg = Debug|Any CPU
		{EF573FCF-68EE-4B39-9428-C4BF5C4F93B8}.Debug|Any CPU.Build.0 = Debug|Any CPU
		{EF573FCF-68EE-4B39-9428-C4BF5C4F93B8}.Release|Any CPU.ActiveCfg = Release|Any CPU
		{EF573FCF-68EE-4B39-9428-C4BF5C4F93B8}.Release|Any CPU.Build.0 = Release|Any CPU
		{13DDDDF6-E054-4CB3-B8DB-B9DD87BFB6E8}.Debug|Any CPU.ActiveCfg = Debug|Any CPU
		{13DDDDF6-E054-4CB3-B8DB-B9DD87BFB6E8}.Debug|Any CPU.Build.0 = Debug|Any CPU
		{13DDDDF6-E054-4CB3-B8DB-B9DD87BFB6E8}.Release|Any CPU.ActiveCfg = Release|Any CPU
		{13DDDDF6-E054-4CB3-B8DB-B9DD87BFB6E8}.Release|Any CPU.Build.0 = Release|Any CPU
		{21128C0F-A49E-4C29-9E90-C87365C07233}.Debug|Any CPU.ActiveCfg = Debug|Any CPU
		{21128C0F-A49E-4C29-9E90-C87365C07233}.Debug|Any CPU.Build.0 = Debug|Any CPU
		{21128C0F-A49E-4C29-9E90-C87365C07233}.Release|Any CPU.ActiveCfg = Release|Any CPU
		{21128C0F-A49E-4C29-9E90-C87365C07233}.Release|Any CPU.Build.0 = Release|Any CPU
		{9966F10E-7514-4139-BA56-8DAAEDF074A2}.Debug|Any CPU.ActiveCfg = Debug|Any CPU
		{9966F10E-7514-4139-BA56-8DAAEDF074A2}.Debug|Any CPU.Build.0 = Debug|Any CPU
		{9966F10E-7514-4139-BA56-8DAAEDF074A2}.Release|Any CPU.ActiveCfg = Release|Any CPU
		{9966F10E-7514-4139-BA56-8DAAEDF074A2}.Release|Any CPU.Build.0 = Release|Any CPU
		{56224C0A-BDFF-4B62-B4D8-CB0C1A24C400}.Debug|Any CPU.ActiveCfg = Debug|Any CPU
		{56224C0A-BDFF-4B62-B4D8-CB0C1A24C400}.Debug|Any CPU.Build.0 = Debug|Any CPU
		{56224C0A-BDFF-4B62-B4D8-CB0C1A24C400}.Release|Any CPU.ActiveCfg = Release|Any CPU
		{56224C0A-BDFF-4B62-B4D8-CB0C1A24C400}.Release|Any CPU.Build.0 = Release|Any CPU
		{C391626D-0297-4343-9384-31D5C04DA115}.Debug|Any CPU.ActiveCfg = Debug|Any CPU
		{C391626D-0297-4343-9384-31D5C04DA115}.Debug|Any CPU.Build.0 = Debug|Any CPU
		{C391626D-0297-4343-9384-31D5C04DA115}.Release|Any CPU.ActiveCfg = Release|Any CPU
		{C391626D-0297-4343-9384-31D5C04DA115}.Release|Any CPU.Build.0 = Release|Any CPU
		{FC596C9C-4A59-47D5-B48D-69488164B5AE}.Debug|Any CPU.ActiveCfg = Debug|Any CPU
		{FC596C9C-4A59-47D5-B48D-69488164B5AE}.Debug|Any CPU.Build.0 = Debug|Any CPU
		{FC596C9C-4A59-47D5-B48D-69488164B5AE}.Release|Any CPU.ActiveCfg = Release|Any CPU
		{FC596C9C-4A59-47D5-B48D-69488164B5AE}.Release|Any CPU.Build.0 = Release|Any CPU
		{62624920-D139-41C6-95BD-05804E9C0BDB}.Debug|Any CPU.ActiveCfg = Debug|Any CPU
		{62624920-D139-41C6-95BD-05804E9C0BDB}.Debug|Any CPU.Build.0 = Debug|Any CPU
		{62624920-D139-41C6-95BD-05804E9C0BDB}.Release|Any CPU.ActiveCfg = Release|Any CPU
		{62624920-D139-41C6-95BD-05804E9C0BDB}.Release|Any CPU.Build.0 = Release|Any CPU
		{FD09A630-A40F-47E2-AC8A-F3FD39DC6A18}.Debug|Any CPU.ActiveCfg = Debug|Any CPU
		{FD09A630-A40F-47E2-AC8A-F3FD39DC6A18}.Debug|Any CPU.Build.0 = Debug|Any CPU
		{FD09A630-A40F-47E2-AC8A-F3FD39DC6A18}.Release|Any CPU.ActiveCfg = Release|Any CPU
		{FD09A630-A40F-47E2-AC8A-F3FD39DC6A18}.Release|Any CPU.Build.0 = Release|Any CPU
	EndGlobalSection
	GlobalSection(SolutionProperties) = preSolution
		HideSolutionNode = FALSE
	EndGlobalSection
	GlobalSection(NestedProjects) = preSolution
		{BDB4ECC1-3FC4-46C5-A0E8-1315156C278E} = {2B6B305E-E21C-4F17-ABB5-379CD35B9A1E}
		{11484C33-C924-414E-A3BE-54987FC8715C} = {2B6B305E-E21C-4F17-ABB5-379CD35B9A1E}
		{EF573FCF-68EE-4B39-9428-C4BF5C4F93B8} = {C6C58024-C430-49DF-B504-93C2FEF32231}
		{13DDDDF6-E054-4CB3-B8DB-B9DD87BFB6E8} = {C6C58024-C430-49DF-B504-93C2FEF32231}
		{21128C0F-A49E-4C29-9E90-C87365C07233} = {C6C58024-C430-49DF-B504-93C2FEF32231}
		{9966F10E-7514-4139-BA56-8DAAEDF074A2} = {C6C58024-C430-49DF-B504-93C2FEF32231}
		{56224C0A-BDFF-4B62-B4D8-CB0C1A24C400} = {2B6B305E-E21C-4F17-ABB5-379CD35B9A1E}
		{C391626D-0297-4343-9384-31D5C04DA115} = {D217C8CD-D41E-4C6F-AE8D-07DAB8DF1F8B}
		{FC596C9C-4A59-47D5-B48D-69488164B5AE} = {D217C8CD-D41E-4C6F-AE8D-07DAB8DF1F8B}
		{62624920-D139-41C6-95BD-05804E9C0BDB} = {D217C8CD-D41E-4C6F-AE8D-07DAB8DF1F8B}
		{FD09A630-A40F-47E2-AC8A-F3FD39DC6A18} = {D217C8CD-D41E-4C6F-AE8D-07DAB8DF1F8B}
	EndGlobalSection
	GlobalSection(ExtensibilityGlobals) = postSolution
		SolutionGuid = {010584EB-4817-4A09-8B68-C4C5496D757C}
	EndGlobalSection
EndGlobal
